<?xml version="1.0" encoding="utf-8"?>
<Project ToolsVersion="4.0" xmlns="http://schemas.microsoft.com/developer/msbuild/2003">
   <ItemGroup>
      <Filter Include="Source Files">
         <UniqueIdentifier>{acfc4581-3823-46cf-801e-7e8ac9cd2f04}</UniqueIdentifier>
         <Extensions>cpp;c;cxx;rc;def;r;odl;idl;hpj;bat;cc</Extensions>
      </Filter>
      <Filter Include="Source Files\source">
         <UniqueIdentifier>{9e4861a7-cc51-4446-ac24-92ad5d0dd252}</UniqueIdentifier>
      </Filter>
      <Filter Include="Source Files\source\common">
         <UniqueIdentifier>{ebe47447-22ac-414d-b059-24d2b7161e99}</UniqueIdentifier>
      </Filter>
      <Filter Include="Source Files\source\npplugin">
         <UniqueIdentifier>{a73a8e57-dfdb-45cf-adf4-2f61af1c47db}</UniqueIdentifier>
      </Filter>
      <Filter Include="Source Files\source\npplugin\windows">
         <UniqueIdentifier>{a0300730-5407-474d-a13a-686435c81aec}</UniqueIdentifier>
      </Filter>
   </ItemGroup>
  <ItemGroup>
    <ResourceCompile Include="Torque.rc">
      <Filter>Source Files</Filter>
    </ResourceCompile>
  </ItemGroup>
   <ItemGroup>
      <ClCompile Include="..\..\..\web\source\common\webCommon.cpp">
         <Filter>Source Files\source\common</Filter>
      </ClCompile>
      <ClCompile Include="..\..\..\web\source\npplugin\npPlugin.cpp">
         <Filter>Source Files\source\npplugin</Filter>
      </ClCompile>
      <ClCompile Include="..\..\..\web\source\npplugin\windows\npWebGamePlugin.cpp">
         <Filter>Source Files\source\npplugin\windows</Filter>
      </ClCompile>
   </ItemGroup>
   <ItemGroup>
      <ClInclude Include="..\..\..\web\source\common\webCommon.h">
         <Filter>Source Files\source\common</Filter>
      </ClInclude>
      <ClInclude Include="..\..\..\web\source\common\webConfig.h">
         <Filter>Source Files\source\common</Filter>
      </ClInclude>
      <ClInclude Include="..\..\..\web\source\npplugin\windows\jni.h">
         <Filter>Source Files\source\npplugin\windows</Filter>
      </ClInclude>
      <ClInclude Include="..\..\..\web\source\npplugin\windows\jni_md.h">
         <Filter>Source Files\source\npplugin\windows</Filter>
      </ClInclude>
      <ClInclude Include="..\..\..\web\source\npplugin\windows\jri.h">
         <Filter>Source Files\source\npplugin\windows</Filter>
      </ClInclude>
      <ClInclude Include="..\..\..\web\source\npplugin\windows\jritypes.h">
         <Filter>Source Files\source\npplugin\windows</Filter>
      </ClInclude>
      <ClInclude Include="..\..\..\web\source\npplugin\windows\jri_md.h">
         <Filter>Source Files\source\npplugin\windows</Filter>
      </ClInclude>
      <ClInclude Include="..\..\..\web\source\npplugin\windows\npapi.h">
         <Filter>Source Files\source\npplugin\windows</Filter>
      </ClInclude>
      <ClInclude Include="..\..\..\web\source\npplugin\windows\npruntime.h">
         <Filter>Source Files\source\npplugin\windows</Filter>
      </ClInclude>
      <ClInclude Include="..\..\..\web\source\npplugin\windows\nptypes.h">
         <Filter>Source Files\source\npplugin\windows</Filter>
      </ClInclude>
      <ClInclude Include="..\..\..\web\source\npplugin\windows\npupp.h">
         <Filter>Source Files\source\npplugin\windows</Filter>
      </ClInclude>
      <ClInclude Include="..\..\..\web\source\npplugin\windows\npWebGamePlugin.h">
         <Filter>Source Files\source\npplugin\windows</Filter>
      </ClInclude>
      <ClInclude Include="..\..\..\web\source\npplugin\windows\np_plat.h">
         <Filter>Source Files\source\npplugin\windows</Filter>
      </ClInclude>
      <ClInclude Include="..\..\..\web\source\npplugin\windows\np_pluginbase.h">
         <Filter>Source Files\source\npplugin\windows</Filter>
      </ClInclude>
      <ClInclude Include="..\..\..\web\source\npplugin\windows\prcpucfg.h">
         <Filter>Source Files\source\npplugin\windows</Filter>
      </ClInclude>
      <ClInclude Include="..\..\..\web\source\npplugin\windows\prtypes.h">
         <Filter>Source Files\source\npplugin\windows</Filter>
      </ClInclude>
      <ClInclude Include="..\..\..\web\source\npplugin\windows\resource.h">
         <Filter>Source Files\source\npplugin\windows</Filter>
      </ClInclude>
   </ItemGroup>
   <ItemGroup>
      <CustomBuild Include="..\..\..\web\source\npplugin\windows\NPWebGamePlugin.rc">
         <Filter>Source Files\source\npplugin\windows</Filter>
      </CustomBuild>
   </ItemGroup>
</Project>